aletheia.icu/broccoli v1.0.3 h1:tpju/6c8lo+AtcrCSvKpZjrV28Qx63rHENOt9BKLE3g=
aletheia.icu/broccoli v1.0.3/go.mod h1:DMvyvNIt2SFMpwCFUL1QltNlvPKapLM/h4NFhjEQxO4=
aletheia.icu/broccoli/fs v0.0.0-20200420162907-e7ff440cf358 h1:LFHwQRWGVv9A5fmaWN95NKBt5/HqZ/NLy/XSbrZLO1I=
aletheia.icu/broccoli/fs v0.0.0-20200420162907-e7ff440cf358/go.mod h1:62pufqcyJVU55Qd5VtXz24d/P+VCFWc18FAbHnyrT+s=
aletheia.icu/broccoli/fs v0.0.0-20200420200651-c5ac961a357a h1:yaJ5VsiG+ZS/viFsbCKbZXYuvt2TJRa/V4IVQKk0sEs=
aletheia.icu/broccoli/fs v0.0.0-20200420200651-c5ac961a357a/go.mod h1:62pufqcyJVU55Qd5VtXz24d/P+VCFWc18FAbHnyrT+s=
aletheia.icu/broccoli/fs v0.0.0-20200506212414-5bc1e2f86a59 h1:A/zlfoh6wPRnKh5QHjV1NuF4LXKSOcScNweJNifW8OU=
aletheia.icu/broccoli/fs v0.0.0-20200506212414-5bc1e2f86a59/go.mod h1:62pufqcyJVU55Qd5VtXz24d/P+VCFWc18FAbHnyrT+s=
github.com/andybalholm/brotli v1.0.0 h1:7UCwP93aiSfvWpapti8g88vVVGp2qqtGyePsSuDafo4=
github.com/andybalholm/brotli v1.0.0/go.mod h1:loMXtMfwqflxFJPmdbJO0a3KNoPuLBgiu3qAvBg8x/Y=
github.com/beevik/etree v1.1.0 h1:T0xke/WvNtMoCqgzPhkX2r4rjY3GDZFi+FjpRZY2Jbs=
github.com/beevik/etree v1.1.0/go.mod h1:r8Aw8JqVegEf0w2fDnATrX9VpkMcyFeM0FhwO62wh+A=
github.com/davecgh/go-spew v1.1.0/go.mod h1:J7Y8YcW2NihsgmVo/mv3lAwl/skON4iLHjSsI+c5H38=
github.com/davecgh/go-spew v1.1.1/go.mod h1:J7Y8YcW2NihsgmVo/mv3lAwl/skON4iLHjSsI+c5H38=
github.com/gorilla/mux v1.7.4 h1:VuZ8uybHlWmqV03+zRzdwKL4tUnIp1MAQtp1mIFE1bc=
github.com/gorilla/mux v1.7.4/go.mod h1:DVbg23sWSpFRCP0SfiEN6jmj59UnW/n46BH5rLB71So=
github.com/pkg/errors v0.9.1 h1:FEBLx1zS214owpjy7qsBeixbURkuhQAwrK5UwLGTwt4=
github.com/pkg/errors v0.9.1/go.mod h1:bwawxfHBFNV+L2hUp1rHADufV3IMtnDRdf1r5NINEl0=
github.com/pmezard/go-difflib v1.0.0/go.mod h1:iKH77koFhYxTK1pcRnkKkqfTogsbg7gZNVY4sRDYZ/4=
github.com/sabhiram/go-gitignore v0.0.0-20180611051255-d3107576ba94 h1:G04eS0JkAIVZfaJLjla9dNxkJCPiKIGZlw9AfOhzOD0=
github.com/sabhiram/go-gitignore v0.0.0-20180611051255-d3107576ba94/go.mod h1:b18R55ulyQ/h3RaWyloPyER7fWQVZvimKKhnI5OfrJQ=
github.com/stretchr/objx v0.1.0/go.mod h1:HFkY916IF+rwdDfMAkV7OtwuqBVzrE8GR6GFx+wExME=
github.com/stretchr/testify v1.5.1/go.mod h1:5W2xD1RspED5o8YsWQXVCued0rvSQ+mT+I5cxcmMvtA=
gopkg.in/check.v1 v0.0.0-20161208181325-20d25e280405/go.mod h1:Co6ibVJAznAaIkqp8huTwlJQCZ016jof/cbN4VW5Yz0=
gopkg.in/yaml.v2 v2.2.2/go.mod h1:hI93XBmqTisBFMUTm0b8Fm+jr3Dg1NNxqwp+5A1VGuI=
